
Microsoft Visual Studio Solution File, Format Version 12.00
# Visual Studio Version 17
VisualStudioVersion = 17.9.34622.214
MinimumVisualStudioVersion = 10.0.40219.1
Project("{FAE04EC0-301F-11D3-BF4B-00C04F79EFBC}") = "PracticeApi", "PracticeApi\PracticeApi.csproj", "{89249314-AA5D-47A5-98F4-4A45B752F001}"
EndProject
Global
	GlobalSection(SolutionConfigurationPlatforms) = preSolution
		Debug|Any CPU = Debug|Any CPU
		Release|Any CPU = Release|Any CPU
	EndGlobalSection
	GlobalSection(ProjectConfigurationPlatforms) = postSolution
		{89249314-AA5D-47A5-98F4-4A45B752F001}.Debug|Any CPU.ActiveCfg = Debug|Any CPU
		{89249314-AA5D-47A5-98F4-4A45B752F001}.Debug|Any CPU.Build.0 = Debug|Any CPU
		{89249314-AA5D-47A5-98F4-4A45B752F001}.Release|Any CPU.ActiveCfg = Release|Any CPU
		{89249314-AA5D-47A5-98F4-4A45B752F001}.Release|Any CPU.Build.0 = Release|Any CPU
	EndGlobalSection
	GlobalSection(SolutionProperties) = preSolution
		HideSolutionNode = FALSE
	EndGlobalSection
	GlobalSection(ExtensibilityGlobals) = postSolution
		SolutionGuid = {2442314C-F6B8-4C06-B80A-3E39817B51B6}
	EndGlobalSection
EndGlobal
